
Microsoft Visual Studio Solution File, Format Version 12.00
# Visual Studio Version 17
VisualStudioVersion = 17.9.34728.123
MinimumVisualStudioVersion = 10.0.40219.1
Project("{FAE04EC0-301F-11D3-BF4B-00C04F79EFBC}") = "NewTalentsDioBootcamp", "NewTalentsDioBootcamp\NewTalentsDioBootcamp.csproj", "{AF57E1F0-1D73-4AAA-869E-75644DF90A11}"
EndProject
Project("{FAE04EC0-301F-11D3-BF4B-00C04F79EFBC}") = "TestNewTalentsDioBootcamp", "TestNewTalentsDioBootcamp\TestNewTalentsDioBootcamp.csproj", "{7AE157EB-AE0E-4BD2-B7A0-8BFCFD64C9EB}"
EndProject
Global
	GlobalSection(SolutionConfigurationPlatforms) = preSolution
		Debug|Any CPU = Debug|Any CPU
		Release|Any CPU = Release|Any CPU
	EndGlobalSection
	GlobalSection(ProjectConfigurationPlatforms) = postSolution
		{AF57E1F0-1D73-4AAA-869E-75644DF90A11}.Debug|Any CPU.ActiveCfg = Debug|Any CPU
		{AF57E1F0-1D73-4AAA-869E-75644DF90A11}.Debug|Any CPU.Build.0 = Debug|Any CPU
		{AF57E1F0-1D73-4AAA-869E-75644DF90A11}.Release|Any CPU.ActiveCfg = Release|Any CPU
		{AF57E1F0-1D73-4AAA-869E-75644DF90A11}.Release|Any CPU.Build.0 = Release|Any CPU
		{7AE157EB-AE0E-4BD2-B7A0-8BFCFD64C9EB}.Debug|Any CPU.ActiveCfg = Debug|Any CPU
		{7AE157EB-AE0E-4BD2-B7A0-8BFCFD64C9EB}.Debug|Any CPU.Build.0 = Debug|Any CPU
		{7AE157EB-AE0E-4BD2-B7A0-8BFCFD64C9EB}.Release|Any CPU.ActiveCfg = Release|Any CPU
		{7AE157EB-AE0E-4BD2-B7A0-8BFCFD64C9EB}.Release|Any CPU.Build.0 = Release|Any CPU
	EndGlobalSection
	GlobalSection(SolutionProperties) = preSolution
		HideSolutionNode = FALSE
	EndGlobalSection
	GlobalSection(ExtensibilityGlobals) = postSolution
		SolutionGuid = {14B9EACF-E599-4074-9833-D7F658B0436F}
	EndGlobalSection
EndGlobal
